
Microsoft Visual Studio Solution File, Format Version 12.00
# Visual Studio Version 16
VisualStudioVersion = 16.0.29613.14
MinimumVisualStudioVersion = 10.0.40219.1
Project("{FAE04EC0-301F-11D3-BF4B-00C04F79EFBC}") = "SignalRTeste", "SignalRTeste\SignalRTeste.csproj", "{3B89E4EE-5EBF-4553-AAE8-454C4498511C}"
EndProject
Global
	GlobalSection(SolutionConfigurationPlatforms) = preSolution
		Debug|Any CPU = Debug|Any CPU
		Release|Any CPU = Release|Any CPU
	EndGlobalSection
	GlobalSection(ProjectConfigurationPlatforms) = postSolution
		{3B89E4EE-5EBF-4553-AAE8-454C4498511C}.Debug|Any CPU.ActiveCfg = Debug|Any CPU
		{3B89E4EE-5EBF-4553-AAE8-454C4498511C}.Debug|Any CPU.Build.0 = Debug|Any CPU
		{3B89E4EE-5EBF-4553-AAE8-454C4498511C}.Release|Any CPU.ActiveCfg = Release|Any CPU
		{3B89E4EE-5EBF-4553-AAE8-454C4498511C}.Release|Any CPU.Build.0 = Release|Any CPU
	EndGlobalSection
	GlobalSection(SolutionProperties) = preSolution
		HideSolutionNode = FALSE
	EndGlobalSection
	GlobalSection(ExtensibilityGlobals) = postSolution
		SolutionGuid = {5B0E4E94-7936-4583-A86E-1F9D465554A7}
	EndGlobalSection
EndGlobal
